
Microsoft Visual Studio Solution File, Format Version 12.00
# Visual Studio Version 16
VisualStudioVersion = 16.0.31410.357
MinimumVisualStudioVersion = 10.0.40219.1
Project("{F184B08F-C81C-45F6-A57F-5ABD9991F28F}") = "Amonic_Airlines", "Amonic_Airlines.vbproj", "{F1187437-0B77-4470-A501-71E1B6CB281C}"
EndProject
Global
	GlobalSection(SolutionConfigurationPlatforms) = preSolution
		Debug|Any CPU = Debug|Any CPU
		Release|Any CPU = Release|Any CPU
	EndGlobalSection
	GlobalSection(ProjectConfigurationPlatforms) = postSolution
		{F1187437-0B77-4470-A501-71E1B6CB281C}.Debug|Any CPU.ActiveCfg = Debug|Any CPU
		{F1187437-0B77-4470-A501-71E1B6CB281C}.Debug|Any CPU.Build.0 = Debug|Any CPU
		{F1187437-0B77-4470-A501-71E1B6CB281C}.Release|Any CPU.ActiveCfg = Release|Any CPU
		{F1187437-0B77-4470-A501-71E1B6CB281C}.Release|Any CPU.Build.0 = Release|Any CPU
	EndGlobalSection
	GlobalSection(SolutionProperties) = preSolution
		HideSolutionNode = FALSE
	EndGlobalSection
	GlobalSection(ExtensibilityGlobals) = postSolution
		SolutionGuid = {77785BBB-09D5-4F80-BCD2-099F5F3EEE35}
	EndGlobalSection
EndGlobal
